PODS:
  - BonMot (6.0.0)
  - ExtensionKit/All (0.1.0):
    - ExtensionKit/BonMot
    - ExtensionKit/CoreGraphics
    - ExtensionKit/Foundation
    - ExtensionKit/UIKit
  - ExtensionKit/BonMot (0.1.0):
    - BonMot
  - ExtensionKit/CoreGraphics (0.1.0):
    - ExtensionKit/Foundation
  - ExtensionKit/Foundation (0.1.0)
  - ExtensionKit/UIKit (0.1.0):
    - ExtensionKit/CoreGraphics
    - ExtensionKit/Foundation

DEPENDENCIES:
  - ExtensionKit/All (from `../`)

SPEC REPOS:
  trunk:
    - BonMot

EXTERNAL SOURCES:
  ExtensionKit:
    :path: "../"

SPEC CHECKSUMS:
  BonMot: fb2b6a2209cb3149aca37b7131d49c051c04ae86
  ExtensionKit: 6621f33372023d5ef5bf3fe5b96e26fad876c5a9

PODFILE CHECKSUM: 4e7e55e7920c139919458da0ed172acccc025b7d

COCOAPODS: 1.10.2
