PODS:
  - ExtensionKit/CoreGraphics (0.1.0):
    - ExtensionKit/Foundation
  - ExtensionKit/Foundation (0.1.0)
  - ExtensionKit/UIKit (0.1.0):
    - ExtensionKit/CoreGraphics
    - ExtensionKit/Foundation

DEPENDENCIES:
  - ExtensionKit/UIKit (from `../`)

EXTERNAL SOURCES:
  ExtensionKit:
    :path: "../"

SPEC CHECKSUMS:
  ExtensionKit: 73b1e076394787c08d2b11bf1db5b2aed5653ada

PODFILE CHECKSUM: c9be9d4c0b3ad1cc633910379f58d4d516691f1e

COCOAPODS: 1.10.2
